<Solution>
  <Folder Name="/assets/">
    <File Path=".editorconfig" />
    <File Path=".gitattributes" />
    <File Path=".gitignore" />
    <File Path="context7.json" />
    <File Path="Directory.Build.props" />
    <File Path="Directory.Packages.props" />
    <File Path="global.json" />
    <File Path="LICENSE.md" />
    <File Path="README.md" />
    <File Path="CLAUDE.md" />
    <File Path="src\Thinktecture.Runtime.Extensions.SourceGenerator\AnalyzerReleases.Shipped.md" />
    <File Path="src\Thinktecture.Runtime.Extensions.SourceGenerator\AnalyzerReleases.Unshipped.md" />
    <File Path=".clinerules" />
  </Folder>
  <Folder Name="/assets/.github/">
    <File Path=".github\workflows\claude.yml" />
    <File Path=".github\workflows\claude-code-review.yml" />
    <File Path=".github\workflows\ci.ps1" />
    <File Path=".github/copilot-instructions.md" />
    <File Path=".github\workflows\mcp-config.json" />
    <File Path=".github\workflows\main.yml" />
  </Folder>
  <Folder Name="/assets/agents/">
    <File Path=".claude\agents\feature-implementation-planner.md" />
    <File Path=".claude\agents\feature-implementer.md" />
    <File Path=".claude\agents\feature-test-writer.md" />
    <File Path=".claude\agents\feature-reviewer.md" />
    <File Path=".claude\agents\documentation-updater.md" />
  </Folder>
  <Folder Name="/samples/">
    <Project Path="samples/AspNetCore.Samples/AspNetCore.Samples.csproj" />
    <Project Path="samples/Basic.Samples/Basic.Samples.csproj" />
    <Project Path="samples/Benchmarking/Benchmarking.csproj" />
    <Project Path="samples/EntityFrameworkCore.Samples/EntityFrameworkCore.Samples.csproj" />
    <Project Path="samples/MessagePack.Samples/MessagePack.Samples.csproj" />
    <Project Path="samples/Newtonsoft.Json.AspNetCore.Samples/Newtonsoft.Samples.csproj" />
    <File Path="samples/Directory.Build.props" />
  </Folder>
  <Folder Name="/src/">
    <Project Path="src/Thinktecture.Runtime.Extensions.AspNetCore/Thinktecture.Runtime.Extensions.AspNetCore.csproj" />
    <Project Path="src/Thinktecture.Runtime.Extensions.EntityFrameworkCore7/Thinktecture.Runtime.Extensions.EntityFrameworkCore7.csproj" />
    <Project Path="src/Thinktecture.Runtime.Extensions.EntityFrameworkCore8/Thinktecture.Runtime.Extensions.EntityFrameworkCore8.csproj" />
    <Project Path="src/Thinktecture.Runtime.Extensions.EntityFrameworkCore9/Thinktecture.Runtime.Extensions.EntityFrameworkCore9.csproj" />
    <Project Path="src\Thinktecture.Runtime.Extensions.EntityFrameworkCore10\Thinktecture.Runtime.Extensions.EntityFrameworkCore10.csproj" Type="Classic C#" />
    <Project Path="src/Thinktecture.Runtime.Extensions.Json/Thinktecture.Runtime.Extensions.Json.csproj" />
    <Project Path="src/Thinktecture.Runtime.Extensions.MessagePack/Thinktecture.Runtime.Extensions.MessagePack.csproj" />
    <Project Path="src/Thinktecture.Runtime.Extensions.Newtonsoft.Json/Thinktecture.Runtime.Extensions.Newtonsoft.Json.csproj" />
    <Project Path="src/Thinktecture.Runtime.Extensions.SourceGenerator/Thinktecture.Runtime.Extensions.SourceGenerator.csproj" />
    <Project Path="src/Thinktecture.Runtime.Extensions.Swashbuckle/Thinktecture.Runtime.Extensions.Swashbuckle.csproj" />
    <Project Path="src/Thinktecture.Runtime.Extensions/Thinktecture.Runtime.Extensions.csproj" />
    <File Path="src/.editorconfig" />
    <File Path="src/Directory.Build.props" />
  </Folder>
  <Folder Name="/test/">
    <Project Path="test/Thinktecture.Runtime.Extensions.AspNetCore.Tests/Thinktecture.Runtime.Extensions.AspNetCore.Tests.csproj" />
    <Project Path="test/Thinktecture.Runtime.Extensions.EntityFrameworkCore7.Tests/Thinktecture.Runtime.Extensions.EntityFrameworkCore7.Tests.csproj" />
    <Project Path="test/Thinktecture.Runtime.Extensions.EntityFrameworkCore8.Tests/Thinktecture.Runtime.Extensions.EntityFrameworkCore8.Tests.csproj" />
    <Project Path="test/Thinktecture.Runtime.Extensions.EntityFrameworkCore9.Tests/Thinktecture.Runtime.Extensions.EntityFrameworkCore9.Tests.csproj" />
    <Project Path="test\Thinktecture.Runtime.Extensions.EntityFrameworkCore10.Tests\Thinktecture.Runtime.Extensions.EntityFrameworkCore10.Tests.csproj" Type="Classic C#" />
    <Project Path="test/Thinktecture.Runtime.Extensions.Json.Tests/Thinktecture.Runtime.Extensions.Json.Tests.csproj" />
    <Project Path="test/Thinktecture.Runtime.Extensions.MessagePack.Tests/Thinktecture.Runtime.Extensions.MessagePack.Tests.csproj" />
    <Project Path="test/Thinktecture.Runtime.Extensions.Newtonsoft.Json.Tests/Thinktecture.Runtime.Extensions.Newtonsoft.Json.Tests.csproj" />
    <Project Path="test/Thinktecture.Runtime.Extensions.SourceGenerator.Tests/Thinktecture.Runtime.Extensions.SourceGenerator.Tests.csproj" />
    <Project Path="test/Thinktecture.Runtime.Extensions.Swashbuckle.Tests/Thinktecture.Runtime.Extensions.Swashbuckle.Tests.csproj" />
    <Project Path="test/Thinktecture.Runtime.Extensions.Tests.Shared/Thinktecture.Runtime.Extensions.Tests.Shared.csproj" />
    <Project Path="test/Thinktecture.Runtime.Extensions.Tests/Thinktecture.Runtime.Extensions.Tests.csproj" />
    <File Path="test/Directory.Build.props" />
  </Folder>
</Solution>