
Microsoft Visual Studio Solution File, Format Version 12.00
# Visual Studio 15
VisualStudioVersion = 15.0.27130.2027
MinimumVisualStudioVersion = 10.0.40219.1
Project("{9A19103F-16F7-4668-BE54-9A1E7A4F7556}") = "Thinktecture.Runtime.Extensions", "src\Thinktecture.Runtime.Extensions\Thinktecture.Runtime.Extensions.csproj", "{D1AECC45-5CE8-4318-B3E9-DCE328F26A20}"
EndProject
Project("{2150E333-8FDC-42A3-9474-1A3956D46DE8}") = "src", "src", "{8F117684-7943-4DCE-8861-F2B854924837}"
ProjectSection(SolutionItems) = preProject
	src\Directory.Build.props = src\Directory.Build.props
EndProjectSection
EndProject
Project("{2150E333-8FDC-42A3-9474-1A3956D46DE8}") = "doc", "doc", "{21EB22DE-2518-4F09-B0CE-9B5C9DCE4CF9}"
	ProjectSection(SolutionItems) = preProject
		LICENSE.md = LICENSE.md
		README.md = README.md
		Directory.Build.props = Directory.Build.props
		.github\workflows\ci.ps1 = .github\workflows\ci.ps1
		.github\workflows\main.yml = .github\workflows\main.yml
	EndProjectSection
EndProject
Project("{2150E333-8FDC-42A3-9474-1A3956D46DE8}") = "samples", "samples", "{E6F200ED-86D2-4D5C-9D5F-34592908B107}"
EndProject
Project("{FAE04EC0-301F-11D3-BF4B-00C04F79EFBC}") = "Thinktecture.Runtime.Extensions.Samples", "samples\Thinktecture.Runtime.Extensions.Samples\Thinktecture.Runtime.Extensions.Samples.csproj", "{AB1E9CFF-E0AB-4450-9B2B-1E20DDF8988D}"
EndProject
Project("{2150E333-8FDC-42A3-9474-1A3956D46DE8}") = "test", "test", "{AE711F89-41F2-4519-B20D-BA1FAB0EB364}"
ProjectSection(SolutionItems) = preProject
	test\Directory.Build.props = test\Directory.Build.props
EndProjectSection
EndProject
Project("{FAE04EC0-301F-11D3-BF4B-00C04F79EFBC}") = "Thinktecture.Runtime.Extensions.Tests", "test\Thinktecture.Runtime.Extensions.Tests\Thinktecture.Runtime.Extensions.Tests.csproj", "{2D1BADCE-1B2C-4828-9995-F80B2C0F9AF9}"
EndProject
Project("{FAE04EC0-301F-11D3-BF4B-00C04F79EFBC}") = "Thinktecture.Runtime.Extensions.EntityFrameworkCore.Samples", "samples\Thinktecture.Runtime.Extensions.EntityFrameworkCore.Samples\Thinktecture.Runtime.Extensions.EntityFrameworkCore.Samples.csproj", "{8663F6FA-AC39-4D1D-A0A0-226E574A5202}"
EndProject
Project("{FAE04EC0-301F-11D3-BF4B-00C04F79EFBC}") = "Thinktecture.Runtime.Extensions.EntityFrameworkCore", "src\Thinktecture.Runtime.Extensions.EntityFrameworkCore\Thinktecture.Runtime.Extensions.EntityFrameworkCore.csproj", "{C34C0B86-DC38-42D6-8D64-A0B2E69B396C}"
EndProject
Project("{FAE04EC0-301F-11D3-BF4B-00C04F79EFBC}") = "Thinktecture.Runtime.Extensions.Newtonsoft.Json", "src\Thinktecture.Runtime.Extensions.Newtonsoft.Json\Thinktecture.Runtime.Extensions.Newtonsoft.Json.csproj", "{914196F5-6208-4710-9A75-201E17457D2B}"
EndProject
Project("{FAE04EC0-301F-11D3-BF4B-00C04F79EFBC}") = "Thinktecture.Runtime.Extensions.Newtonsoft.Json.Tests", "test\Thinktecture.Runtime.Extensions.Newtonsoft.Json.Tests\Thinktecture.Runtime.Extensions.Newtonsoft.Json.Tests.csproj", "{47890FAA-7CDF-491C-A1B8-9B141EABECF1}"
EndProject
Project("{FAE04EC0-301F-11D3-BF4B-00C04F79EFBC}") = "Thinktecture.Runtime.Extensions.AspNetCore.Samples", "samples\Thinktecture.Runtime.Extensions.AspNetCore.Samples\Thinktecture.Runtime.Extensions.AspNetCore.Samples.csproj", "{9F04BA7C-2D9C-4ED9-A405-BEDAB7E8954B}"
EndProject
Project("{FAE04EC0-301F-11D3-BF4B-00C04F79EFBC}") = "Thinktecture.Runtime.Extensions.Json", "src\Thinktecture.Runtime.Extensions.Json\Thinktecture.Runtime.Extensions.Json.csproj", "{9B285235-A335-4DC1-9E22-4D4D548A35AC}"
EndProject
Project("{FAE04EC0-301F-11D3-BF4B-00C04F79EFBC}") = "Thinktecture.Runtime.Extensions.Json.Tests", "test\Thinktecture.Runtime.Extensions.Json.Tests\Thinktecture.Runtime.Extensions.Json.Tests.csproj", "{4172E9EC-B1E8-461E-8AE7-084870556B3D}"
EndProject
Project("{FAE04EC0-301F-11D3-BF4B-00C04F79EFBC}") = "Thinktecture.Runtime.Extensions.Newtonsoft.Json.AspNetCore.Samples", "samples\Newtonsoft.Json.AspNetCore.Samples\Thinktecture.Runtime.Extensions.Newtonsoft.Json.AspNetCore.Samples.csproj", "{7268D37D-7D30-4C1E-8B73-3950B1E682B2}"
EndProject
Project("{FAE04EC0-301F-11D3-BF4B-00C04F79EFBC}") = "Thinktecture.Runtime.Extensions.MessagePack", "src\Thinktecture.Runtime.Extensions.MessagePack\Thinktecture.Runtime.Extensions.MessagePack.csproj", "{882C9DD1-23FE-4913-9961-E87A0053AA50}"
EndProject
Project("{FAE04EC0-301F-11D3-BF4B-00C04F79EFBC}") = "Thinktecture.Runtime.Extensions.MessagePack.Tests", "test\Thinktecture.Runtime.Extensions.MessagePack.Tests\Thinktecture.Runtime.Extensions.MessagePack.Tests.csproj", "{BFB16650-900F-418E-8F2A-F4AAF0BB5FBC}"
EndProject
Project("{FAE04EC0-301F-11D3-BF4B-00C04F79EFBC}") = "Thinktecture.Runtime.Extensions.SourceGenerator", "src\Thinktecture.Runtime.Extensions.SourceGenerator\Thinktecture.Runtime.Extensions.SourceGenerator.csproj", "{941A727B-FF71-48AC-8FE8-D024E14B120D}"
EndProject
Project("{FAE04EC0-301F-11D3-BF4B-00C04F79EFBC}") = "Thinktecture.Runtime.Extensions.SourceGenerator.Tests", "test\Thinktecture.Runtime.Extensions.SourceGenerator.Tests\Thinktecture.Runtime.Extensions.SourceGenerator.Tests.csproj", "{5E7F5E6F-74D4-4178-969A-B3250BB641BA}"
EndProject
Project("{FAE04EC0-301F-11D3-BF4B-00C04F79EFBC}") = "Thinktecture.Runtime.Extensions.Json.SourceGenerator", "src\Thinktecture.Runtime.Extensions.Json.SourceGenerator\Thinktecture.Runtime.Extensions.Json.SourceGenerator.csproj", "{CCA4FC89-050B-4795-A58D-6426B1367A26}"
EndProject
Project("{FAE04EC0-301F-11D3-BF4B-00C04F79EFBC}") = "Thinktecture.Runtime.Extensions.Newtonsoft.Json.SourceGenerator", "src\Thinktecture.Runtime.Extensions.Newtonsoft.Json.SourceGenerator\Thinktecture.Runtime.Extensions.Newtonsoft.Json.SourceGenerator.csproj", "{CC8A21CC-85C6-4DFA-B00A-F81967D6B9DC}"
EndProject
Project("{FAE04EC0-301F-11D3-BF4B-00C04F79EFBC}") = "Thinktecture.Runtime.Extensions.MessagePack.SourceGenerator", "src\Thinktecture.Runtime.Extensions.MessagePack.SourceGenerator\Thinktecture.Runtime.Extensions.MessagePack.SourceGenerator.csproj", "{0D7DFF0D-960B-439A-A98A-32263C22C7B8}"
EndProject
Global
	GlobalSection(SolutionConfigurationPlatforms) = preSolution
		Debug|Any CPU = Debug|Any CPU
		Release|Any CPU = Release|Any CPU
	EndGlobalSection
	GlobalSection(ProjectConfigurationPlatforms) = postSolution
		{D1AECC45-5CE8-4318-B3E9-DCE328F26A20}.Debug|Any CPU.ActiveCfg = Debug|Any CPU
		{D1AECC45-5CE8-4318-B3E9-DCE328F26A20}.Debug|Any CPU.Build.0 = Debug|Any CPU
		{D1AECC45-5CE8-4318-B3E9-DCE328F26A20}.Release|Any CPU.ActiveCfg = Release|Any CPU
		{D1AECC45-5CE8-4318-B3E9-DCE328F26A20}.Release|Any CPU.Build.0 = Release|Any CPU
		{AB1E9CFF-E0AB-4450-9B2B-1E20DDF8988D}.Debug|Any CPU.ActiveCfg = Debug|Any CPU
		{AB1E9CFF-E0AB-4450-9B2B-1E20DDF8988D}.Debug|Any CPU.Build.0 = Debug|Any CPU
		{AB1E9CFF-E0AB-4450-9B2B-1E20DDF8988D}.Release|Any CPU.ActiveCfg = Release|Any CPU
		{AB1E9CFF-E0AB-4450-9B2B-1E20DDF8988D}.Release|Any CPU.Build.0 = Release|Any CPU
		{2D1BADCE-1B2C-4828-9995-F80B2C0F9AF9}.Debug|Any CPU.ActiveCfg = Debug|Any CPU
		{2D1BADCE-1B2C-4828-9995-F80B2C0F9AF9}.Debug|Any CPU.Build.0 = Debug|Any CPU
		{2D1BADCE-1B2C-4828-9995-F80B2C0F9AF9}.Release|Any CPU.ActiveCfg = Release|Any CPU
		{2D1BADCE-1B2C-4828-9995-F80B2C0F9AF9}.Release|Any CPU.Build.0 = Release|Any CPU
		{8663F6FA-AC39-4D1D-A0A0-226E574A5202}.Debug|Any CPU.ActiveCfg = Debug|Any CPU
		{8663F6FA-AC39-4D1D-A0A0-226E574A5202}.Debug|Any CPU.Build.0 = Debug|Any CPU
		{8663F6FA-AC39-4D1D-A0A0-226E574A5202}.Release|Any CPU.ActiveCfg = Release|Any CPU
		{8663F6FA-AC39-4D1D-A0A0-226E574A5202}.Release|Any CPU.Build.0 = Release|Any CPU
		{C34C0B86-DC38-42D6-8D64-A0B2E69B396C}.Debug|Any CPU.ActiveCfg = Debug|Any CPU
		{C34C0B86-DC38-42D6-8D64-A0B2E69B396C}.Debug|Any CPU.Build.0 = Debug|Any CPU
		{C34C0B86-DC38-42D6-8D64-A0B2E69B396C}.Release|Any CPU.ActiveCfg = Release|Any CPU
		{C34C0B86-DC38-42D6-8D64-A0B2E69B396C}.Release|Any CPU.Build.0 = Release|Any CPU
		{914196F5-6208-4710-9A75-201E17457D2B}.Debug|Any CPU.ActiveCfg = Debug|Any CPU
		{914196F5-6208-4710-9A75-201E17457D2B}.Debug|Any CPU.Build.0 = Debug|Any CPU
		{914196F5-6208-4710-9A75-201E17457D2B}.Release|Any CPU.ActiveCfg = Release|Any CPU
		{914196F5-6208-4710-9A75-201E17457D2B}.Release|Any CPU.Build.0 = Release|Any CPU
		{47890FAA-7CDF-491C-A1B8-9B141EABECF1}.Debug|Any CPU.ActiveCfg = Debug|Any CPU
		{47890FAA-7CDF-491C-A1B8-9B141EABECF1}.Debug|Any CPU.Build.0 = Debug|Any CPU
		{47890FAA-7CDF-491C-A1B8-9B141EABECF1}.Release|Any CPU.ActiveCfg = Release|Any CPU
		{47890FAA-7CDF-491C-A1B8-9B141EABECF1}.Release|Any CPU.Build.0 = Release|Any CPU
		{9F04BA7C-2D9C-4ED9-A405-BEDAB7E8954B}.Debug|Any CPU.ActiveCfg = Debug|Any CPU
		{9F04BA7C-2D9C-4ED9-A405-BEDAB7E8954B}.Debug|Any CPU.Build.0 = Debug|Any CPU
		{9F04BA7C-2D9C-4ED9-A405-BEDAB7E8954B}.Release|Any CPU.ActiveCfg = Release|Any CPU
		{9F04BA7C-2D9C-4ED9-A405-BEDAB7E8954B}.Release|Any CPU.Build.0 = Release|Any CPU
		{9B285235-A335-4DC1-9E22-4D4D548A35AC}.Debug|Any CPU.ActiveCfg = Debug|Any CPU
		{9B285235-A335-4DC1-9E22-4D4D548A35AC}.Debug|Any CPU.Build.0 = Debug|Any CPU
		{9B285235-A335-4DC1-9E22-4D4D548A35AC}.Release|Any CPU.ActiveCfg = Release|Any CPU
		{9B285235-A335-4DC1-9E22-4D4D548A35AC}.Release|Any CPU.Build.0 = Release|Any CPU
		{4172E9EC-B1E8-461E-8AE7-084870556B3D}.Debug|Any CPU.ActiveCfg = Debug|Any CPU
		{4172E9EC-B1E8-461E-8AE7-084870556B3D}.Debug|Any CPU.Build.0 = Debug|Any CPU
		{4172E9EC-B1E8-461E-8AE7-084870556B3D}.Release|Any CPU.ActiveCfg = Release|Any CPU
		{4172E9EC-B1E8-461E-8AE7-084870556B3D}.Release|Any CPU.Build.0 = Release|Any CPU
		{7268D37D-7D30-4C1E-8B73-3950B1E682B2}.Debug|Any CPU.ActiveCfg = Debug|Any CPU
		{7268D37D-7D30-4C1E-8B73-3950B1E682B2}.Debug|Any CPU.Build.0 = Debug|Any CPU
		{7268D37D-7D30-4C1E-8B73-3950B1E682B2}.Release|Any CPU.ActiveCfg = Release|Any CPU
		{7268D37D-7D30-4C1E-8B73-3950B1E682B2}.Release|Any CPU.Build.0 = Release|Any CPU
		{882C9DD1-23FE-4913-9961-E87A0053AA50}.Debug|Any CPU.ActiveCfg = Debug|Any CPU
		{882C9DD1-23FE-4913-9961-E87A0053AA50}.Debug|Any CPU.Build.0 = Debug|Any CPU
		{882C9DD1-23FE-4913-9961-E87A0053AA50}.Release|Any CPU.ActiveCfg = Release|Any CPU
		{882C9DD1-23FE-4913-9961-E87A0053AA50}.Release|Any CPU.Build.0 = Release|Any CPU
		{BFB16650-900F-418E-8F2A-F4AAF0BB5FBC}.Debug|Any CPU.ActiveCfg = Debug|Any CPU
		{BFB16650-900F-418E-8F2A-F4AAF0BB5FBC}.Debug|Any CPU.Build.0 = Debug|Any CPU
		{BFB16650-900F-418E-8F2A-F4AAF0BB5FBC}.Release|Any CPU.ActiveCfg = Release|Any CPU
		{BFB16650-900F-418E-8F2A-F4AAF0BB5FBC}.Release|Any CPU.Build.0 = Release|Any CPU
		{941A727B-FF71-48AC-8FE8-D024E14B120D}.Debug|Any CPU.ActiveCfg = Debug|Any CPU
		{941A727B-FF71-48AC-8FE8-D024E14B120D}.Debug|Any CPU.Build.0 = Debug|Any CPU
		{941A727B-FF71-48AC-8FE8-D024E14B120D}.Release|Any CPU.ActiveCfg = Release|Any CPU
		{941A727B-FF71-48AC-8FE8-D024E14B120D}.Release|Any CPU.Build.0 = Release|Any CPU
		{5E7F5E6F-74D4-4178-969A-B3250BB641BA}.Debug|Any CPU.ActiveCfg = Debug|Any CPU
		{5E7F5E6F-74D4-4178-969A-B3250BB641BA}.Debug|Any CPU.Build.0 = Debug|Any CPU
		{5E7F5E6F-74D4-4178-969A-B3250BB641BA}.Release|Any CPU.ActiveCfg = Release|Any CPU
		{5E7F5E6F-74D4-4178-969A-B3250BB641BA}.Release|Any CPU.Build.0 = Release|Any CPU
		{CCA4FC89-050B-4795-A58D-6426B1367A26}.Debug|Any CPU.ActiveCfg = Debug|Any CPU
		{CCA4FC89-050B-4795-A58D-6426B1367A26}.Debug|Any CPU.Build.0 = Debug|Any CPU
		{CCA4FC89-050B-4795-A58D-6426B1367A26}.Release|Any CPU.ActiveCfg = Release|Any CPU
		{CCA4FC89-050B-4795-A58D-6426B1367A26}.Release|Any CPU.Build.0 = Release|Any CPU
		{CC8A21CC-85C6-4DFA-B00A-F81967D6B9DC}.Debug|Any CPU.ActiveCfg = Debug|Any CPU
		{CC8A21CC-85C6-4DFA-B00A-F81967D6B9DC}.Debug|Any CPU.Build.0 = Debug|Any CPU
		{CC8A21CC-85C6-4DFA-B00A-F81967D6B9DC}.Release|Any CPU.ActiveCfg = Release|Any CPU
		{CC8A21CC-85C6-4DFA-B00A-F81967D6B9DC}.Release|Any CPU.Build.0 = Release|Any CPU
		{0D7DFF0D-960B-439A-A98A-32263C22C7B8}.Debug|Any CPU.ActiveCfg = Debug|Any CPU
		{0D7DFF0D-960B-439A-A98A-32263C22C7B8}.Debug|Any CPU.Build.0 = Debug|Any CPU
		{0D7DFF0D-960B-439A-A98A-32263C22C7B8}.Release|Any CPU.ActiveCfg = Release|Any CPU
		{0D7DFF0D-960B-439A-A98A-32263C22C7B8}.Release|Any CPU.Build.0 = Release|Any CPU
	EndGlobalSection
	GlobalSection(SolutionProperties) = preSolution
		HideSolutionNode = FALSE
	EndGlobalSection
	GlobalSection(NestedProjects) = preSolution
		{D1AECC45-5CE8-4318-B3E9-DCE328F26A20} = {8F117684-7943-4DCE-8861-F2B854924837}
		{AB1E9CFF-E0AB-4450-9B2B-1E20DDF8988D} = {E6F200ED-86D2-4D5C-9D5F-34592908B107}
		{2D1BADCE-1B2C-4828-9995-F80B2C0F9AF9} = {AE711F89-41F2-4519-B20D-BA1FAB0EB364}
		{8663F6FA-AC39-4D1D-A0A0-226E574A5202} = {E6F200ED-86D2-4D5C-9D5F-34592908B107}
		{C34C0B86-DC38-42D6-8D64-A0B2E69B396C} = {8F117684-7943-4DCE-8861-F2B854924837}
		{914196F5-6208-4710-9A75-201E17457D2B} = {8F117684-7943-4DCE-8861-F2B854924837}
		{47890FAA-7CDF-491C-A1B8-9B141EABECF1} = {AE711F89-41F2-4519-B20D-BA1FAB0EB364}
		{9F04BA7C-2D9C-4ED9-A405-BEDAB7E8954B} = {E6F200ED-86D2-4D5C-9D5F-34592908B107}
		{9B285235-A335-4DC1-9E22-4D4D548A35AC} = {8F117684-7943-4DCE-8861-F2B854924837}
		{4172E9EC-B1E8-461E-8AE7-084870556B3D} = {AE711F89-41F2-4519-B20D-BA1FAB0EB364}
		{7268D37D-7D30-4C1E-8B73-3950B1E682B2} = {E6F200ED-86D2-4D5C-9D5F-34592908B107}
		{882C9DD1-23FE-4913-9961-E87A0053AA50} = {8F117684-7943-4DCE-8861-F2B854924837}
		{BFB16650-900F-418E-8F2A-F4AAF0BB5FBC} = {AE711F89-41F2-4519-B20D-BA1FAB0EB364}
		{941A727B-FF71-48AC-8FE8-D024E14B120D} = {8F117684-7943-4DCE-8861-F2B854924837}
		{5E7F5E6F-74D4-4178-969A-B3250BB641BA} = {AE711F89-41F2-4519-B20D-BA1FAB0EB364}
		{CCA4FC89-050B-4795-A58D-6426B1367A26} = {8F117684-7943-4DCE-8861-F2B854924837}
		{CC8A21CC-85C6-4DFA-B00A-F81967D6B9DC} = {8F117684-7943-4DCE-8861-F2B854924837}
		{0D7DFF0D-960B-439A-A98A-32263C22C7B8} = {8F117684-7943-4DCE-8861-F2B854924837}
	EndGlobalSection
	GlobalSection(ExtensibilityGlobals) = postSolution
		SolutionGuid = {1C34F508-A60B-4C0E-AFA0-0F4CFFB23603}
	EndGlobalSection
EndGlobal
